
Microsoft Visual Studio Solution File, Format Version 12.00
# Visual Studio Version 17
VisualStudioVersion = 17.1.32414.318
MinimumVisualStudioVersion = 10.0.40219.1
Project("{FAE04EC0-301F-11D3-BF4B-00C04F79EFBC}") = "AutoTestSystem", "AutoTestSystem\AutoTestSystem.csproj", "{A11D26E2-9A08-4814-BEF3-CABDA9846673}"
EndProject
Project("{FAE04EC0-301F-11D3-BF4B-00C04F79EFBC}") = "TestConsole", "TestConsole\TestConsole.csproj", "{A6C0A3F7-E831-42E9-A703-AD25109D5C29}"
EndProject
Global
	GlobalSection(SolutionConfigurationPlatforms) = preSolution
		Debug|Any CPU = Debug|Any CPU
		Release|Any CPU = Release|Any CPU
	EndGlobalSection
	GlobalSection(ProjectConfigurationPlatforms) = postSolution
		{A11D26E2-9A08-4814-BEF3-CABDA9846673}.Debug|Any CPU.ActiveCfg = Debug|Any CPU
		{A11D26E2-9A08-4814-BEF3-CABDA9846673}.Debug|Any CPU.Build.0 = Debug|Any CPU
		{A11D26E2-9A08-4814-BEF3-CABDA9846673}.Release|Any CPU.ActiveCfg = Release|Any CPU
		{A11D26E2-9A08-4814-BEF3-CABDA9846673}.Release|Any CPU.Build.0 = Release|Any CPU
		{A6C0A3F7-E831-42E9-A703-AD25109D5C29}.Debug|Any CPU.ActiveCfg = Debug|Any CPU
		{A6C0A3F7-E831-42E9-A703-AD25109D5C29}.Debug|Any CPU.Build.0 = Debug|Any CPU
		{A6C0A3F7-E831-42E9-A703-AD25109D5C29}.Release|Any CPU.ActiveCfg = Release|Any CPU
		{A6C0A3F7-E831-42E9-A703-AD25109D5C29}.Release|Any CPU.Build.0 = Release|Any CPU
	EndGlobalSection
	GlobalSection(SolutionProperties) = preSolution
		HideSolutionNode = FALSE
	EndGlobalSection
	GlobalSection(ExtensibilityGlobals) = postSolution
		SolutionGuid = {B80DCA48-0E3B-4DB6-ACDF-687A19E21021}
	EndGlobalSection
EndGlobal
